
Microsoft Visual Studio Solution File, Format Version 12.00
Project("{FAE04EC0-301F-11D3-BF4B-00C04F79EFBC}") = "ClaimManager", "ClaimManager\ClaimManager.csproj", "{50C1F949-DDF1-40A4-84EA-9F442ACE2982}"
EndProject
Project("{FAE04EC0-301F-11D3-BF4B-00C04F79EFBC}") = "ClaimManager.DataLayer", "DataLayer\ClaimManager.DataLayer\ClaimManager.DataLayer.csproj", "{58E0DB7C-6777-49AB-954B-977A601F59F5}"
EndProject
Global
	GlobalSection(SolutionConfigurationPlatforms) = preSolution
		Debug|Any CPU = Debug|Any CPU
		Release|Any CPU = Release|Any CPU
	EndGlobalSection
	GlobalSection(ProjectConfigurationPlatforms) = postSolution
		{50C1F949-DDF1-40A4-84EA-9F442ACE2982}.Debug|Any CPU.ActiveCfg = Debug|Any CPU
		{50C1F949-DDF1-40A4-84EA-9F442ACE2982}.Debug|Any CPU.Build.0 = Debug|Any CPU
		{50C1F949-DDF1-40A4-84EA-9F442ACE2982}.Release|Any CPU.ActiveCfg = Release|Any CPU
		{50C1F949-DDF1-40A4-84EA-9F442ACE2982}.Release|Any CPU.Build.0 = Release|Any CPU
		{58E0DB7C-6777-49AB-954B-977A601F59F5}.Debug|Any CPU.ActiveCfg = Debug|Any CPU
		{58E0DB7C-6777-49AB-954B-977A601F59F5}.Debug|Any CPU.Build.0 = Debug|Any CPU
		{58E0DB7C-6777-49AB-954B-977A601F59F5}.Release|Any CPU.ActiveCfg = Release|Any CPU
		{58E0DB7C-6777-49AB-954B-977A601F59F5}.Release|Any CPU.Build.0 = Release|Any CPU
	EndGlobalSection
EndGlobal
